
Microsoft Visual Studio Solution File, Format Version 12.00
# Visual Studio Version 16
VisualStudioVersion = 16.0.30011.22
MinimumVisualStudioVersion = 10.0.40219.1
Project("{FAE04EC0-301F-11D3-BF4B-00C04F79EFBC}") = "PDFPhotoCsharp", "PDFPhotoCsharp\PDFPhotoCsharp.csproj", "{A8D8DB4D-C286-4B6B-B6C5-584028C2BD4D}"
EndProject
Global
	GlobalSection(SolutionConfigurationPlatforms) = preSolution
		Debug|Any CPU = Debug|Any CPU
		Release|Any CPU = Release|Any CPU
	EndGlobalSection
	GlobalSection(ProjectConfigurationPlatforms) = postSolution
		{A8D8DB4D-C286-4B6B-B6C5-584028C2BD4D}.Debug|Any CPU.ActiveCfg = Debug|Any CPU
		{A8D8DB4D-C286-4B6B-B6C5-584028C2BD4D}.Debug|Any CPU.Build.0 = Debug|Any CPU
		{A8D8DB4D-C286-4B6B-B6C5-584028C2BD4D}.Release|Any CPU.ActiveCfg = Release|Any CPU
		{A8D8DB4D-C286-4B6B-B6C5-584028C2BD4D}.Release|Any CPU.Build.0 = Release|Any CPU
	EndGlobalSection
	GlobalSection(SolutionProperties) = preSolution
		HideSolutionNode = FALSE
	EndGlobalSection
	GlobalSection(ExtensibilityGlobals) = postSolution
		SolutionGuid = {DEC432F4-ACAC-4062-858E-A353B0420A67}
	EndGlobalSection
EndGlobal
